
Microsoft Visual Studio Solution File, Format Version 12.00
# Visual Studio Version 17
VisualStudioVersion = 17.5.33516.290
MinimumVisualStudioVersion = 10.0.40219.1
Project("{FAE04EC0-301F-11D3-BF4B-00C04F79EFBC}") = "GoogleTranslateI18nText", "GoogleTranslateI18nText\GoogleTranslateI18nText.csproj", "{1F64291F-1C0C-49EE-897D-DD74A9B95F60}"
EndProject
Global
	GlobalSection(SolutionConfigurationPlatforms) = preSolution
		Debug|Any CPU = Debug|Any CPU
		Release|Any CPU = Release|Any CPU
	EndGlobalSection
	GlobalSection(ProjectConfigurationPlatforms) = postSolution
		{1F64291F-1C0C-49EE-897D-DD74A9B95F60}.Debug|Any CPU.ActiveCfg = Debug|Any CPU
		{1F64291F-1C0C-49EE-897D-DD74A9B95F60}.Debug|Any CPU.Build.0 = Debug|Any CPU
		{1F64291F-1C0C-49EE-897D-DD74A9B95F60}.Release|Any CPU.ActiveCfg = Release|Any CPU
		{1F64291F-1C0C-49EE-897D-DD74A9B95F60}.Release|Any CPU.Build.0 = Release|Any CPU
	EndGlobalSection
	GlobalSection(SolutionProperties) = preSolution
		HideSolutionNode = FALSE
	EndGlobalSection
	GlobalSection(ExtensibilityGlobals) = postSolution
		SolutionGuid = {6733DF5F-FF52-4B9E-8293-3EC8CCEBE420}
	EndGlobalSection
EndGlobal
